
Microsoft Visual Studio Solution File, Format Version 12.00
# Visual Studio Version 17
VisualStudioVersion = 17.8.34408.163
MinimumVisualStudioVersion = 10.0.40219.1
Project("{9A19103F-16F7-4668-BE54-9A1E7A4F7556}") = "ListExamples", "ListExamples\ListExamples.csproj", "{E3BD6C3E-2DE7-4457-89F4-9CDBDFAB4C63}"
EndProject
Project("{9A19103F-16F7-4668-BE54-9A1E7A4F7556}") = "LinkedListExamples", "LinkedListExamples\LinkedListExamples.csproj", "{EEBAB369-2AFD-4046-8336-8D485BC521A6}"
EndProject
Project("{9A19103F-16F7-4668-BE54-9A1E7A4F7556}") = "Hashtables", "ArrayList\Hashtables.csproj", "{5BC9A9ED-3BC7-4BF3-B38B-D447E4662F8F}"
EndProject
Project("{9A19103F-16F7-4668-BE54-9A1E7A4F7556}") = "HashtableQuestion", "HashtableQuestion\HashtableQuestion.csproj", "{C7325A9F-7454-4118-A1F9-4E9E7FD50395}"
EndProject
Project("{9A19103F-16F7-4668-BE54-9A1E7A4F7556}") = "Dictionaries", "Dictionaries\Dictionaries.csproj", "{F10FCB75-F6B1-4E28-8A27-D8A57D007C5B}"
EndProject
Project("{9A19103F-16F7-4668-BE54-9A1E7A4F7556}") = "StackExamples", "StackExamples\StackExamples.csproj", "{62AF3BAF-BB9D-48EC-A678-A1C883D0B5BF}"
EndProject
Project("{FAE04EC0-301F-11D3-BF4B-00C04F79EFBC}") = "QueueExample", "QueueExample\QueueExample.csproj", "{1D04498F-3B57-435C-981C-D8CA6AEB739F}"
EndProject
Global
	GlobalSection(SolutionConfigurationPlatforms) = preSolution
		Debug|Any CPU = Debug|Any CPU
		Release|Any CPU = Release|Any CPU
	EndGlobalSection
	GlobalSection(ProjectConfigurationPlatforms) = postSolution
		{E3BD6C3E-2DE7-4457-89F4-9CDBDFAB4C63}.Debug|Any CPU.ActiveCfg = Debug|Any CPU
		{E3BD6C3E-2DE7-4457-89F4-9CDBDFAB4C63}.Debug|Any CPU.Build.0 = Debug|Any CPU
		{E3BD6C3E-2DE7-4457-89F4-9CDBDFAB4C63}.Release|Any CPU.ActiveCfg = Release|Any CPU
		{E3BD6C3E-2DE7-4457-89F4-9CDBDFAB4C63}.Release|Any CPU.Build.0 = Release|Any CPU
		{EEBAB369-2AFD-4046-8336-8D485BC521A6}.Debug|Any CPU.ActiveCfg = Debug|Any CPU
		{EEBAB369-2AFD-4046-8336-8D485BC521A6}.Debug|Any CPU.Build.0 = Debug|Any CPU
		{EEBAB369-2AFD-4046-8336-8D485BC521A6}.Release|Any CPU.ActiveCfg = Release|Any CPU
		{EEBAB369-2AFD-4046-8336-8D485BC521A6}.Release|Any CPU.Build.0 = Release|Any CPU
		{5BC9A9ED-3BC7-4BF3-B38B-D447E4662F8F}.Debug|Any CPU.ActiveCfg = Debug|Any CPU
		{5BC9A9ED-3BC7-4BF3-B38B-D447E4662F8F}.Debug|Any CPU.Build.0 = Debug|Any CPU
		{5BC9A9ED-3BC7-4BF3-B38B-D447E4662F8F}.Release|Any CPU.ActiveCfg = Release|Any CPU
		{5BC9A9ED-3BC7-4BF3-B38B-D447E4662F8F}.Release|Any CPU.Build.0 = Release|Any CPU
		{C7325A9F-7454-4118-A1F9-4E9E7FD50395}.Debug|Any CPU.ActiveCfg = Debug|Any CPU
		{C7325A9F-7454-4118-A1F9-4E9E7FD50395}.Debug|Any CPU.Build.0 = Debug|Any CPU
		{C7325A9F-7454-4118-A1F9-4E9E7FD50395}.Release|Any CPU.ActiveCfg = Release|Any CPU
		{C7325A9F-7454-4118-A1F9-4E9E7FD50395}.Release|Any CPU.Build.0 = Release|Any CPU
		{F10FCB75-F6B1-4E28-8A27-D8A57D007C5B}.Debug|Any CPU.ActiveCfg = Debug|Any CPU
		{F10FCB75-F6B1-4E28-8A27-D8A57D007C5B}.Debug|Any CPU.Build.0 = Debug|Any CPU
		{F10FCB75-F6B1-4E28-8A27-D8A57D007C5B}.Release|Any CPU.ActiveCfg = Release|Any CPU
		{F10FCB75-F6B1-4E28-8A27-D8A57D007C5B}.Release|Any CPU.Build.0 = Release|Any CPU
		{62AF3BAF-BB9D-48EC-A678-A1C883D0B5BF}.Debug|Any CPU.ActiveCfg = Debug|Any CPU
		{62AF3BAF-BB9D-48EC-A678-A1C883D0B5BF}.Debug|Any CPU.Build.0 = Debug|Any CPU
		{62AF3BAF-BB9D-48EC-A678-A1C883D0B5BF}.Release|Any CPU.ActiveCfg = Release|Any CPU
		{62AF3BAF-BB9D-48EC-A678-A1C883D0B5BF}.Release|Any CPU.Build.0 = Release|Any CPU
		{1D04498F-3B57-435C-981C-D8CA6AEB739F}.Debug|Any CPU.ActiveCfg = Debug|Any CPU
		{1D04498F-3B57-435C-981C-D8CA6AEB739F}.Debug|Any CPU.Build.0 = Debug|Any CPU
		{1D04498F-3B57-435C-981C-D8CA6AEB739F}.Release|Any CPU.ActiveCfg = Release|Any CPU
		{1D04498F-3B57-435C-981C-D8CA6AEB739F}.Release|Any CPU.Build.0 = Release|Any CPU
	EndGlobalSection
	GlobalSection(SolutionProperties) = preSolution
		HideSolutionNode = FALSE
	EndGlobalSection
	GlobalSection(ExtensibilityGlobals) = postSolution
		SolutionGuid = {C124B850-8AE2-434A-ACE9-C8421F82FE31}
	EndGlobalSection
EndGlobal
